# THIS IS AN AUTOGENERATED FILE. DO NOT EDIT THIS FILE DIRECTLY.
# yarn lockfile v1


aws-cdk@^2.177.0:
  version "2.177.0"
  resolved "https://registry.yarnpkg.com/aws-cdk/-/aws-cdk-2.177.0.tgz#39ab8cf445d1ad1902dca7fe7683eb3e3ca920cc"
  integrity sha512-TiBoyE5wMB5q4jX1bELwkklgbs5eLY1Phjfnb4Mof0K9tOSRJ9UEq6xEamF0esMS+TuYU7a/ESTpmKX3iYqA3w==
  optionalDependencies:
    fsevents "2.3.2"

dom-walk@^0.1.0:
  version "0.1.2"
  resolved "https://registry.yarnpkg.com/dom-walk/-/dom-walk-0.1.2.tgz#0c548bef048f4d1f2a97249002236060daa3fd84"
  integrity sha512-6QvTW9mrGeIegrFXdtQi9pk7O/nSK6lSdXW2eqUspN5LWD7UTji2Fqw5V2YLjBpHEoU9Xl/eUWNpDeZvoyOv2w==

fsevents@2.3.2:
  version "2.3.2"
  resolved "https://registry.yarnpkg.com/fsevents/-/fsevents-2.3.2.tgz#8a526f78b8fdf4623b709e0b975c52c24c02fd1a"
  integrity sha512-xiqMQR4xAeHTuB9uWm+fFRcIOgKBMiOBP+eXiyT7jsgVCq1bkVygt00oASowB7EdtpOHaaPgKt812P9ab+DDKA==

global@^4.4.0:
  version "4.4.0"
  resolved "https://registry.yarnpkg.com/global/-/global-4.4.0.tgz#3e7b105179006a323ed71aafca3e9c57a5cc6406"
  integrity sha512-wv/LAoHdRE3BeTGz53FAamhGlPLhlssK45usmGFThIi4XqnBmjKQ16u+RNbP7WvigRZDxUsM0J3gcQ5yicaL0w==
  dependencies:
    min-document "^2.19.0"
    process "^0.11.10"

min-document@^2.19.0:
  version "2.19.0"
  resolved "https://registry.yarnpkg.com/min-document/-/min-document-2.19.0.tgz#7bd282e3f5842ed295bb748cdd9f1ffa2c824685"
  integrity sha512-9Wy1B3m3f66bPPmU5hdA4DR4PB2OfDU/+GS3yAB7IQozE3tqXaVv2zOjgla7MEGSRv95+ILmOuvhLkOK6wJtCQ==
  dependencies:
    dom-walk "^0.1.0"

prettier@^3.2.5:
  version "3.4.2"
  resolved "https://registry.yarnpkg.com/prettier/-/prettier-3.4.2.tgz#a5ce1fb522a588bf2b78ca44c6e6fe5aa5a2b13f"
  integrity sha512-e9MewbtFo+Fevyuxn/4rrcDAaq0IYxPGLvObpQjiZBMAzB9IGmzlnG9RZy3FFas+eBMu2vA0CszMeduow5dIuQ==

process@^0.11.10:
  version "0.11.10"
  resolved "https://registry.yarnpkg.com/process/-/process-0.11.10.tgz#7332300e840161bda3e69a1d1d91a7d4bc16f182"
  integrity sha512-cdGef/drWFoydD1JsMzuFf8100nZl+GT+yacc2bEced5f9Rjk4z+WtFUTBu9PhOi9j/jfmBPu0mMEY4wIdAF8A==

turbo-darwin-64@2.4.0:
  version "2.4.0"
  resolved "https://registry.yarnpkg.com/turbo-darwin-64/-/turbo-darwin-64-2.4.0.tgz#45bd92a119f0365d7aedd61e5aadabb589a23e44"
  integrity sha512-kVMScnPUa3R4n7woNmkR15kOY0aUwCLJcUyH5UC59ggKqr5HIHwweKYK8N1pwBQso0LQF4I9i93hIzfJguCcwQ==

turbo-darwin-arm64@2.4.0:
  version "2.4.0"
  resolved "https://registry.yarnpkg.com/turbo-darwin-arm64/-/turbo-darwin-arm64-2.4.0.tgz#7c8a6d612056ed2d841e5de3cbbdd8b7d1c7ad84"
  integrity sha512-8JObIpfun1guA7UlFR5jC/SOVm49lRscxMxfg5jZ5ABft79rhFC+ygN9AwAhGKv6W2DUhIh2xENkSgu4EDmUyg==

turbo-linux-64@2.4.0:
  version "2.4.0"
  resolved "https://registry.yarnpkg.com/turbo-linux-64/-/turbo-linux-64-2.4.0.tgz#6d24123685db82ff5c863e2c96c976394d13c8b3"
  integrity sha512-xWDGGcRlBuGV7HXWAVuTY6vsQi4aZxGMAnuiuNDg8Ij1aHGohOM0RUsWMXjxz4vuJmjk9+/D6NQqHH3AJEXezg==

turbo-linux-arm64@2.4.0:
  version "2.4.0"
  resolved "https://registry.yarnpkg.com/turbo-linux-arm64/-/turbo-linux-arm64-2.4.0.tgz#f286a91c8c1f25074f383870ff597c3b3227871b"
  integrity sha512-c3En99xMguc/Pdtk/rZP53LnDdw0W6lgUc04he8r8F+UHYSNvgzHh0WGXXmCC6lGbBH72kPhhGx4bAwyvi7dug==

turbo-windows-64@2.4.0:
  version "2.4.0"
  resolved "https://registry.yarnpkg.com/turbo-windows-64/-/turbo-windows-64-2.4.0.tgz#60c3fdb38f7fb3fcce3acf07256c5f9973072bc5"
  integrity sha512-/gOORuOlyA8JDPzyA16CD3wvyRcuBFePa1URAnFUof9hXQmKxK0VvSDO79cYZFsJSchCKNJpckUS0gYxGsWwoA==

turbo-windows-arm64@2.4.0:
  version "2.4.0"
  resolved "https://registry.yarnpkg.com/turbo-windows-arm64/-/turbo-windows-arm64-2.4.0.tgz#23809ecfdd31e5800174f0af23f8f35b2f0370d4"
  integrity sha512-/DJIdTFijEMM5LSiEpSfarDOMOlYqJV+EzmppqWtHqDsOLF4hbbIBH9sJR6OOp5dURAu5eURBYdmvBRz9Lo6TA==

turbo@^2.3.3:
  version "2.4.0"
  resolved "https://registry.yarnpkg.com/turbo/-/turbo-2.4.0.tgz#fb23f7d90c2199dbc34b71de5800bf2432785706"
  integrity sha512-ah/yQp2oMif1X0u7fBJ4MLMygnkbKnW5O8SG6pJvloPCpHfFoZctkSVQiJ3VnvNTq71V2JJIdwmOeu1i34OQyg==
  optionalDependencies:
    turbo-darwin-64 "2.4.0"
    turbo-darwin-arm64 "2.4.0"
    turbo-linux-64 "2.4.0"
    turbo-linux-arm64 "2.4.0"
    turbo-windows-64 "2.4.0"
    turbo-windows-arm64 "2.4.0"

typescript@5.5.4:
  version "5.5.4"
  resolved "https://registry.yarnpkg.com/typescript/-/typescript-5.5.4.tgz#d9852d6c82bad2d2eda4fd74a5762a8f5909e9ba"
  integrity sha512-Mtq29sKDAEYP7aljRgtPOpTvOfbwRWlS6dPRzwjdE+C0R4brX/GUyhHSecbHMFLNBLcJIPt9nl9yG5TZ1weH+Q==
